
Microsoft Visual Studio Solution File, Format Version 12.00
# Visual Studio Version 16
VisualStudioVersion = 16.0.31507.150
MinimumVisualStudioVersion = 10.0.40219.1
Project("{FAE04EC0-301F-11D3-BF4B-00C04F79EFBC}") = "SpaceXAir.Server", "Server\SpaceXAir.Server.csproj", "{619356CF-71BE-45F5-BE52-8FD26DADB835}"
EndProject
Project("{FAE04EC0-301F-11D3-BF4B-00C04F79EFBC}") = "SpaceXAir.Client", "Client\SpaceXAir.Client.csproj", "{C6C56B48-AA77-42FE-8C09-AF9893550AB2}"
EndProject
Project("{FAE04EC0-301F-11D3-BF4B-00C04F79EFBC}") = "SpaceXAir.Shared", "Shared\SpaceXAir.Shared.csproj", "{9735267B-D082-4017-B38A-948BA66B0BEA}"
EndProject
Global
	GlobalSection(SolutionConfigurationPlatforms) = preSolution
		Debug|Any CPU = Debug|Any CPU
		Release|Any CPU = Release|Any CPU
	EndGlobalSection
	GlobalSection(ProjectConfigurationPlatforms) = postSolution
		{619356CF-71BE-45F5-BE52-8FD26DADB835}.Debug|Any CPU.ActiveCfg = Debug|Any CPU
		{619356CF-71BE-45F5-BE52-8FD26DADB835}.Debug|Any CPU.Build.0 = Debug|Any CPU
		{619356CF-71BE-45F5-BE52-8FD26DADB835}.Release|Any CPU.ActiveCfg = Release|Any CPU
		{619356CF-71BE-45F5-BE52-8FD26DADB835}.Release|Any CPU.Build.0 = Release|Any CPU
		{C6C56B48-AA77-42FE-8C09-AF9893550AB2}.Debug|Any CPU.ActiveCfg = Debug|Any CPU
		{C6C56B48-AA77-42FE-8C09-AF9893550AB2}.Debug|Any CPU.Build.0 = Debug|Any CPU
		{C6C56B48-AA77-42FE-8C09-AF9893550AB2}.Release|Any CPU.ActiveCfg = Release|Any CPU
		{C6C56B48-AA77-42FE-8C09-AF9893550AB2}.Release|Any CPU.Build.0 = Release|Any CPU
		{9735267B-D082-4017-B38A-948BA66B0BEA}.Debug|Any CPU.ActiveCfg = Debug|Any CPU
		{9735267B-D082-4017-B38A-948BA66B0BEA}.Debug|Any CPU.Build.0 = Debug|Any CPU
		{9735267B-D082-4017-B38A-948BA66B0BEA}.Release|Any CPU.ActiveCfg = Release|Any CPU
		{9735267B-D082-4017-B38A-948BA66B0BEA}.Release|Any CPU.Build.0 = Release|Any CPU
	EndGlobalSection
	GlobalSection(SolutionProperties) = preSolution
		HideSolutionNode = FALSE
	EndGlobalSection
	GlobalSection(ExtensibilityGlobals) = postSolution
		SolutionGuid = {49544B30-9CC3-4AAE-BEBA-5F3EDDB074A2}
	EndGlobalSection
EndGlobal
